<?xml version="1.0" encoding="utf-8"?>
<Project ToolsVersion="4.0" xmlns="http://schemas.microsoft.com/developer/msbuild/2003">
  <ItemGroup>
    <Filter Include="Source Files">
      <UniqueIdentifier>{4FC737F1-C7A5-4376-A066-2A32D752A2FF}</UniqueIdentifier>
      <Extensions>cpp;c;cc;cxx;c++;cppm;ixx;def;odl;idl;hpj;bat;asm;asmx</Extensions>
    </Filter>
    <Filter Include="Header Files">
      <UniqueIdentifier>{93995380-89BD-4b04-88EB-625FBE52EBFB}</UniqueIdentifier>
      <Extensions>h;hh;hpp;hxx;h++;hm;inl;inc;ipp;xsd</Extensions>
    </Filter>
    <Filter Include="Resource Files">
      <UniqueIdentifier>{67DA6AB6-F800-4c08-8B7A-83BB121AAD01}</UniqueIdentifier>
      <Extensions>rc;ico;cur;bmp;dlg;rc2;rct;bin;rgs;gif;jpg;jpeg;jpe;resx;tiff;tif;png;wav;mfcribbon-ms</Extensions>
    </Filter>
  </ItemGroup>
  <ItemGroup>
    <ClCompile Include="WinMain.cpp">
      <Filter>Source Files</Filter>
    </ClCompile>
    <ClCompile Include="Model\Engine\pugixml.cpp">
      <Filter>Source Files</Filter>
    </ClCompile>
    <ClCompile Include="Model\Engine\Application.cpp">
      <Filter>Source Files</Filter>
    </ClCompile>
    <ClCompile Include="Model\Engine\Ultilities.cpp">
      <Filter>Source Files</Filter>
    </ClCompile>
    <ClCompile Include="Model\Engine\Time.cpp">
      <Filter>Source Files</Filter>
    </ClCompile>
    <ClCompile Include="Model\Engine\Game.cpp">
      <Filter>Source Files</Filter>
    </ClCompile>
    <ClCompile Include="Model\Engine\Graphics.cpp">
      <Filter>Source Files</Filter>
    </ClCompile>
    <ClCompile Include="Model\Engine\Audio.cpp">
      <Filter>Source Files</Filter>
    </ClCompile>
    <ClCompile Include="Model\Engine\Input.cpp">
      <Filter>Source Files</Filter>
    </ClCompile>
    <ClCompile Include="Model\Engine\GameObject.cpp">
      <Filter>Source Files</Filter>
    </ClCompile>
    <ClCompile Include="Model\SMB3.cpp">
      <Filter>Source Files</Filter>
    </ClCompile>
    <ClCompile Include="Model\Engine\Sprite.cpp">
      <Filter>Source Files</Filter>
    </ClCompile>
    <ClCompile Include="Model\World\World.cpp">
      <Filter>Source Files</Filter>
    </ClCompile>
    <ClCompile Include="Model\World\Mario.cpp">
      <Filter>Source Files</Filter>
    </ClCompile>
    <ClCompile Include="Model\World\Platform.cpp">
      <Filter>Source Files</Filter>
    </ClCompile>
    <ClCompile Include="Model\Engine\Animation.cpp">
      <Filter>Source Files</Filter>
    </ClCompile>
    <ClCompile Include="Model\Engine\Sound.cpp">
      <Filter>Source Files</Filter>
    </ClCompile>
  </ItemGroup>
  <ItemGroup>
    <None Include="packages.config" />
  </ItemGroup>
  <ItemGroup>
    <ClInclude Include="Model\Engine\pugiconfig.hpp">
      <Filter>Header Files</Filter>
    </ClInclude>
    <ClInclude Include="Model\Engine\pugixml.hpp">
      <Filter>Header Files</Filter>
    </ClInclude>
    <ClInclude Include="Model\Engine\Application.h">
      <Filter>Header Files</Filter>
    </ClInclude>
    <ClInclude Include="Model\Engine\Ultilities.h">
      <Filter>Header Files</Filter>
    </ClInclude>
    <ClInclude Include="Model\Engine\Time.h">
      <Filter>Header Files</Filter>
    </ClInclude>
    <ClInclude Include="Model\Engine\Game.h">
      <Filter>Header Files</Filter>
    </ClInclude>
    <ClInclude Include="Model\Engine\Graphics.h">
      <Filter>Header Files</Filter>
    </ClInclude>
    <ClInclude Include="Model\Engine\Audio.h">
      <Filter>Header Files</Filter>
    </ClInclude>
    <ClInclude Include="Model\Engine\Input.h">
      <Filter>Header Files</Filter>
    </ClInclude>
    <ClInclude Include="Model\Engine\GameObject.h">
      <Filter>Header Files</Filter>
    </ClInclude>
    <ClInclude Include="Model\SMB3.h">
      <Filter>Header Files</Filter>
    </ClInclude>
    <ClInclude Include="Model\Engine\Sprite.h">
      <Filter>Header Files</Filter>
    </ClInclude>
    <ClInclude Include="Model\World\World.h">
      <Filter>Header Files</Filter>
    </ClInclude>
    <ClInclude Include="Model\World\Mario.h">
      <Filter>Header Files</Filter>
    </ClInclude>
    <ClInclude Include="Model\World\Platform.h">
      <Filter>Header Files</Filter>
    </ClInclude>
    <ClInclude Include="Model\Engine\Animation.h">
      <Filter>Header Files</Filter>
    </ClInclude>
    <ClInclude Include="Model\Engine\Sound.h">
      <Filter>Header Files</Filter>
    </ClInclude>
  </ItemGroup>
  <ItemGroup>
    <Xml Include="Data\GameData.xml" />
  </ItemGroup>
  <ItemGroup>
    <Image Include="Data\Texture\BBox.png">
      <Filter>Resource Files</Filter>
    </Image>
    <Image Include="Data\Texture\Block.png">
      <Filter>Resource Files</Filter>
    </Image>
    <Image Include="Data\Texture\Effect.png">
      <Filter>Resource Files</Filter>
    </Image>
    <Image Include="Data\Texture\Goomba.png">
      <Filter>Resource Files</Filter>
    </Image>
    <Image Include="Data\Texture\Item.png">
      <Filter>Resource Files</Filter>
    </Image>
    <Image Include="Data\Texture\Koopa.png">
      <Filter>Resource Files</Filter>
    </Image>
    <Image Include="Data\Texture\Mario.png">
      <Filter>Resource Files</Filter>
    </Image>
    <Image Include="Data\Texture\Pipe.png">
      <Filter>Resource Files</Filter>
    </Image>
    <Image Include="Data\Texture\Plant.png">
      <Filter>Resource Files</Filter>
    </Image>
  </ItemGroup>
</Project>