<?xml version="1.0" encoding="utf-8"?>
<Project ToolsVersion="4.0" xmlns="http://schemas.microsoft.com/developer/msbuild/2003">
  <ItemGroup>
    <Filter Include="Source Files">
      <UniqueIdentifier>{4FC737F1-C7A5-4376-A066-2A32D752A2FF}</UniqueIdentifier>
      <Extensions>cpp;c;cc;cxx;c++;cppm;ixx;def;odl;idl;hpj;bat;asm;asmx</Extensions>
    </Filter>
    <Filter Include="Header Files">
      <UniqueIdentifier>{93995380-89BD-4b04-88EB-625FBE52EBFB}</UniqueIdentifier>
      <Extensions>h;hh;hpp;hxx;h++;hm;inl;inc;ipp;xsd</Extensions>
    </Filter>
    <Filter Include="Resource Files">
      <UniqueIdentifier>{67DA6AB6-F800-4c08-8B7A-83BB121AAD01}</UniqueIdentifier>
      <Extensions>rc;ico;cur;bmp;dlg;rc2;rct;bin;rgs;gif;jpg;jpeg;jpe;resx;tiff;tif;png;wav;mfcribbon-ms</Extensions>
    </Filter>
  </ItemGroup>
  <ItemGroup>
    <None Include="packages.config" />
  </ItemGroup>
  <ItemGroup>
    <ClCompile Include="main.cpp">
      <Filter>Source Files</Filter>
    </ClCompile>
    <ClCompile Include="Model\Engine\Component\Animation.cpp">
      <Filter>Source Files</Filter>
    </ClCompile>
    <ClCompile Include="Model\Engine\Component\Collision.cpp">
      <Filter>Source Files</Filter>
    </ClCompile>
    <ClCompile Include="Model\Engine\Component\Sprite.cpp">
      <Filter>Source Files</Filter>
    </ClCompile>
    <ClCompile Include="Model\Engine\Framework\Application.cpp">
      <Filter>Source Files</Filter>
    </ClCompile>
    <ClCompile Include="Model\Engine\Framework\Audio.cpp">
      <Filter>Source Files</Filter>
    </ClCompile>
    <ClCompile Include="Model\Engine\Framework\Debug.cpp">
      <Filter>Source Files</Filter>
    </ClCompile>
    <ClCompile Include="Model\Engine\Framework\Graphics.cpp">
      <Filter>Source Files</Filter>
    </ClCompile>
    <ClCompile Include="Model\Engine\Framework\Input.cpp">
      <Filter>Source Files</Filter>
    </ClCompile>
    <ClCompile Include="Model\Engine\Framework\pugixml.cpp">
      <Filter>Source Files</Filter>
    </ClCompile>
    <ClCompile Include="Model\Engine\Framework\Time.cpp">
      <Filter>Source Files</Filter>
    </ClCompile>
    <ClCompile Include="Model\Engine\Game.cpp">
      <Filter>Source Files</Filter>
    </ClCompile>
    <ClCompile Include="Model\Engine\GameObject.cpp">
      <Filter>Source Files</Filter>
    </ClCompile>
    <ClCompile Include="Model\Title\Title.cpp">
      <Filter>Source Files</Filter>
    </ClCompile>
    <ClCompile Include="Model\World\Background.cpp">
      <Filter>Source Files</Filter>
    </ClCompile>
    <ClCompile Include="Model\World\BigCannon.cpp">
      <Filter>Source Files</Filter>
    </ClCompile>
    <ClCompile Include="Model\World\Block.cpp">
      <Filter>Source Files</Filter>
    </ClCompile>
    <ClCompile Include="Model\World\BoomBoom.cpp">
      <Filter>Source Files</Filter>
    </ClCompile>
    <ClCompile Include="Model\World\Boomerang.cpp">
      <Filter>Source Files</Filter>
    </ClCompile>
    <ClCompile Include="Model\World\BounceBlock.cpp">
      <Filter>Source Files</Filter>
    </ClCompile>
    <ClCompile Include="Model\World\Brick.cpp">
      <Filter>Source Files</Filter>
    </ClCompile>
    <ClCompile Include="Model\World\BrickFragEffect.cpp">
      <Filter>Source Files</Filter>
    </ClCompile>
    <ClCompile Include="Model\World\Brother.cpp">
      <Filter>Source Files</Filter>
    </ClCompile>
    <ClCompile Include="Model\World\BubbleEffect.cpp">
      <Filter>Source Files</Filter>
    </ClCompile>
    <ClCompile Include="Model\World\BulletBill.cpp">
      <Filter>Source Files</Filter>
    </ClCompile>
    <ClCompile Include="Model\World\BulletBillCannon.cpp">
      <Filter>Source Files</Filter>
    </ClCompile>
    <ClCompile Include="Model\World\BuzzyBeetle.cpp">
      <Filter>Source Files</Filter>
    </ClCompile>
    <ClCompile Include="Model\World\Cannonball.cpp">
      <Filter>Source Files</Filter>
    </ClCompile>
    <ClCompile Include="Model\World\CannonSmokeEffect.cpp">
      <Filter>Source Files</Filter>
    </ClCompile>
    <ClCompile Include="Model\World\Coin.cpp">
      <Filter>Source Files</Filter>
    </ClCompile>
    <ClCompile Include="Model\World\DeadZone.cpp">
      <Filter>Source Files</Filter>
    </ClCompile>
    <ClCompile Include="Model\World\DeathEffect.cpp">
      <Filter>Source Files</Filter>
    </ClCompile>
    <ClCompile Include="Model\World\DropCeiling.cpp">
      <Filter>Source Files</Filter>
    </ClCompile>
    <ClCompile Include="Model\World\DryBones.cpp">
      <Filter>Source Files</Filter>
    </ClCompile>
    <ClCompile Include="Model\World\ExtraLifeMushroom.cpp">
      <Filter>Source Files</Filter>
    </ClCompile>
    <ClCompile Include="Model\World\FireFlower.cpp">
      <Filter>Source Files</Filter>
    </ClCompile>
    <ClCompile Include="Model\World\Goal.cpp">
      <Filter>Source Files</Filter>
    </ClCompile>
    <ClCompile Include="Model\World\Goomba.cpp">
      <Filter>Source Files</Filter>
    </ClCompile>
    <ClCompile Include="Model\World\Hammer.cpp">
      <Filter>Source Files</Filter>
    </ClCompile>
    <ClCompile Include="Model\World\HitEffect.cpp">
      <Filter>Source Files</Filter>
    </ClCompile>
    <ClCompile Include="Model\World\HUD.cpp">
      <Filter>Source Files</Filter>
    </ClCompile>
    <ClCompile Include="Model\World\Koopa.cpp">
      <Filter>Source Files</Filter>
    </ClCompile>
    <ClCompile Include="Model\World\KoopaSensor.cpp">
      <Filter>Source Files</Filter>
    </ClCompile>
    <ClCompile Include="Model\World\Larry.cpp">
      <Filter>Source Files</Filter>
    </ClCompile>
    <ClCompile Include="Model\World\LarryProjectile.cpp">
      <Filter>Source Files</Filter>
    </ClCompile>
    <ClCompile Include="Model\World\LavaEffect.cpp">
      <Filter>Source Files</Filter>
    </ClCompile>
    <ClCompile Include="Model\World\Mario.cpp">
      <Filter>Source Files</Filter>
    </ClCompile>
    <ClCompile Include="Model\World\MarioFireball.cpp">
      <Filter>Source Files</Filter>
    </ClCompile>
    <ClCompile Include="Model\World\MarioTail.cpp">
      <Filter>Source Files</Filter>
    </ClCompile>
    <ClCompile Include="Model\World\MicroGoomba.cpp">
      <Filter>Source Files</Filter>
    </ClCompile>
    <ClCompile Include="Model\World\MovingPlatform.cpp">
      <Filter>Source Files</Filter>
    </ClCompile>
    <ClCompile Include="Model\World\Pipe.cpp">
      <Filter>Source Files</Filter>
    </ClCompile>
    <ClCompile Include="Model\World\Plant.cpp">
      <Filter>Source Files</Filter>
    </ClCompile>
    <ClCompile Include="Model\World\PlantFireball.cpp">
      <Filter>Source Files</Filter>
    </ClCompile>
    <ClCompile Include="Model\World\PlantSensor.cpp">
      <Filter>Source Files</Filter>
    </ClCompile>
    <ClCompile Include="Model\World\Platform.cpp">
      <Filter>Source Files</Filter>
    </ClCompile>
    <ClCompile Include="Model\World\Podoboo.cpp">
      <Filter>Source Files</Filter>
    </ClCompile>
    <ClCompile Include="Model\World\PowerBar.cpp">
      <Filter>Source Files</Filter>
    </ClCompile>
    <ClCompile Include="Model\World\Pusher.cpp">
      <Filter>Source Files</Filter>
    </ClCompile>
    <ClCompile Include="Model\World\Relay.cpp">
      <Filter>Source Files</Filter>
    </ClCompile>
    <ClCompile Include="Model\World\Roto.cpp">
      <Filter>Source Files</Filter>
    </ClCompile>
    <ClCompile Include="Model\World\ScoreEffect.cpp">
      <Filter>Source Files</Filter>
    </ClCompile>
    <ClCompile Include="Model\World\SemiPlatform.cpp">
      <Filter>Source Files</Filter>
    </ClCompile>
    <ClCompile Include="Model\World\Slope.cpp">
      <Filter>Source Files</Filter>
    </ClCompile>
    <ClCompile Include="Model\World\SmallCannon.cpp">
      <Filter>Source Files</Filter>
    </ClCompile>
    <ClCompile Include="Model\World\SpawnZone.cpp">
      <Filter>Source Files</Filter>
    </ClCompile>
    <ClCompile Include="Model\World\Starman.cpp">
      <Filter>Source Files</Filter>
    </ClCompile>
    <ClCompile Include="Model\World\SuperLeaf.cpp">
      <Filter>Source Files</Filter>
    </ClCompile>
    <ClCompile Include="Model\World\SuperMushroom.cpp">
      <Filter>Source Files</Filter>
    </ClCompile>
    <ClCompile Include="Model\World\TransportBounceBlock.cpp">
      <Filter>Source Files</Filter>
    </ClCompile>
    <ClCompile Include="Model\World\TransportDoor.cpp">
      <Filter>Source Files</Filter>
    </ClCompile>
    <ClCompile Include="Model\World\TransportPipe.cpp">
      <Filter>Source Files</Filter>
    </ClCompile>
    <ClCompile Include="Model\World\TreasureBox.cpp">
      <Filter>Source Files</Filter>
    </ClCompile>
    <ClCompile Include="Model\World\Water.cpp">
      <Filter>Source Files</Filter>
    </ClCompile>
    <ClCompile Include="Model\World\WaterEffect.cpp">
      <Filter>Source Files</Filter>
    </ClCompile>
    <ClCompile Include="Model\World\World.cpp">
      <Filter>Source Files</Filter>
    </ClCompile>
    <ClCompile Include="Model\WorldMap\Kactus.cpp">
      <Filter>Source Files</Filter>
    </ClCompile>
    <ClCompile Include="Model\WorldMap\Panel.cpp">
      <Filter>Source Files</Filter>
    </ClCompile>
    <ClCompile Include="Model\WorldMap\WorldMap.cpp">
      <Filter>Source Files</Filter>
    </ClCompile>
    <ClCompile Include="Model\WorldMap\WorldMapMario.cpp">
      <Filter>Source Files</Filter>
    </ClCompile>
    <ClCompile Include="Model\SuperMarioBros3.cpp">
      <Filter>Source Files</Filter>
    </ClCompile>
  </ItemGroup>
  <ItemGroup>
    <ClInclude Include="Model\Engine\Component\Animation.h">
      <Filter>Header Files</Filter>
    </ClInclude>
    <ClInclude Include="Model\Engine\Component\Collision.h">
      <Filter>Header Files</Filter>
    </ClInclude>
    <ClInclude Include="Model\Engine\Component\Sprite.h">
      <Filter>Header Files</Filter>
    </ClInclude>
    <ClInclude Include="Model\Engine\Framework\Application.h">
      <Filter>Header Files</Filter>
    </ClInclude>
    <ClInclude Include="Model\Engine\Framework\Audio.h">
      <Filter>Header Files</Filter>
    </ClInclude>
    <ClInclude Include="Model\Engine\Framework\Debug.h">
      <Filter>Header Files</Filter>
    </ClInclude>
    <ClInclude Include="Model\Engine\Framework\Graphics.h">
      <Filter>Header Files</Filter>
    </ClInclude>
    <ClInclude Include="Model\Engine\Framework\Input.h">
      <Filter>Header Files</Filter>
    </ClInclude>
    <ClInclude Include="Model\Engine\Framework\pugiconfig.hpp">
      <Filter>Header Files</Filter>
    </ClInclude>
    <ClInclude Include="Model\Engine\Framework\pugixml.hpp">
      <Filter>Header Files</Filter>
    </ClInclude>
    <ClInclude Include="Model\Engine\Framework\Time.h">
      <Filter>Header Files</Filter>
    </ClInclude>
    <ClInclude Include="Model\Engine\Game.h">
      <Filter>Header Files</Filter>
    </ClInclude>
    <ClInclude Include="Model\Engine\GameObject.h">
      <Filter>Header Files</Filter>
    </ClInclude>
    <ClInclude Include="Model\Title\Title.h">
      <Filter>Header Files</Filter>
    </ClInclude>
    <ClInclude Include="Model\World\Background.h">
      <Filter>Header Files</Filter>
    </ClInclude>
    <ClInclude Include="Model\World\BigCannon.h">
      <Filter>Header Files</Filter>
    </ClInclude>
    <ClInclude Include="Model\World\Block.h">
      <Filter>Header Files</Filter>
    </ClInclude>
    <ClInclude Include="Model\World\BoomBoom.h">
      <Filter>Header Files</Filter>
    </ClInclude>
    <ClInclude Include="Model\World\Boomerang.h">
      <Filter>Header Files</Filter>
    </ClInclude>
    <ClInclude Include="Model\World\BounceBlock.h">
      <Filter>Header Files</Filter>
    </ClInclude>
    <ClInclude Include="Model\World\Brick.h">
      <Filter>Header Files</Filter>
    </ClInclude>
    <ClInclude Include="Model\World\BrickFragEffect.h">
      <Filter>Header Files</Filter>
    </ClInclude>
    <ClInclude Include="Model\World\Brother.h">
      <Filter>Header Files</Filter>
    </ClInclude>
    <ClInclude Include="Model\World\BubbleEffect.h">
      <Filter>Header Files</Filter>
    </ClInclude>
    <ClInclude Include="Model\World\BulletBill.h">
      <Filter>Header Files</Filter>
    </ClInclude>
    <ClInclude Include="Model\World\BulletBillCannon.h">
      <Filter>Header Files</Filter>
    </ClInclude>
    <ClInclude Include="Model\World\BuzzyBeetle.h">
      <Filter>Header Files</Filter>
    </ClInclude>
    <ClInclude Include="Model\World\Cannonball.h">
      <Filter>Header Files</Filter>
    </ClInclude>
    <ClInclude Include="Model\World\CannonSmokeEffect.h">
      <Filter>Header Files</Filter>
    </ClInclude>
    <ClInclude Include="Model\World\Coin.h">
      <Filter>Header Files</Filter>
    </ClInclude>
    <ClInclude Include="Model\World\DeadZone.h">
      <Filter>Header Files</Filter>
    </ClInclude>
    <ClInclude Include="Model\World\DeathEffect.h">
      <Filter>Header Files</Filter>
    </ClInclude>
    <ClInclude Include="Model\World\DropCeiling.h">
      <Filter>Header Files</Filter>
    </ClInclude>
    <ClInclude Include="Model\World\DryBones.h">
      <Filter>Header Files</Filter>
    </ClInclude>
    <ClInclude Include="Model\World\ExtraLifeMushroom.h">
      <Filter>Header Files</Filter>
    </ClInclude>
    <ClInclude Include="Model\World\FireFlower.h">
      <Filter>Header Files</Filter>
    </ClInclude>
    <ClInclude Include="Model\World\Goal.h">
      <Filter>Header Files</Filter>
    </ClInclude>
    <ClInclude Include="Model\World\Goomba.h">
      <Filter>Header Files</Filter>
    </ClInclude>
    <ClInclude Include="Model\World\Hammer.h">
      <Filter>Header Files</Filter>
    </ClInclude>
    <ClInclude Include="Model\World\HitEffect.h">
      <Filter>Header Files</Filter>
    </ClInclude>
    <ClInclude Include="Model\World\HUD.h">
      <Filter>Header Files</Filter>
    </ClInclude>
    <ClInclude Include="Model\World\Koopa.h">
      <Filter>Header Files</Filter>
    </ClInclude>
    <ClInclude Include="Model\World\KoopaSensor.h">
      <Filter>Header Files</Filter>
    </ClInclude>
    <ClInclude Include="Model\World\Larry.h">
      <Filter>Header Files</Filter>
    </ClInclude>
    <ClInclude Include="Model\World\LarryProjectile.h">
      <Filter>Header Files</Filter>
    </ClInclude>
    <ClInclude Include="Model\World\LavaEffect.h">
      <Filter>Header Files</Filter>
    </ClInclude>
    <ClInclude Include="Model\World\Mario.h">
      <Filter>Header Files</Filter>
    </ClInclude>
    <ClInclude Include="Model\World\MarioFireball.h">
      <Filter>Header Files</Filter>
    </ClInclude>
    <ClInclude Include="Model\World\MarioTail.h">
      <Filter>Header Files</Filter>
    </ClInclude>
    <ClInclude Include="Model\World\MicroGoomba.h">
      <Filter>Header Files</Filter>
    </ClInclude>
    <ClInclude Include="Model\World\MovingPlatform.h">
      <Filter>Header Files</Filter>
    </ClInclude>
    <ClInclude Include="Model\World\Pipe.h">
      <Filter>Header Files</Filter>
    </ClInclude>
    <ClInclude Include="Model\World\Plant.h">
      <Filter>Header Files</Filter>
    </ClInclude>
    <ClInclude Include="Model\World\PlantFireball.h">
      <Filter>Header Files</Filter>
    </ClInclude>
    <ClInclude Include="Model\World\PlantSensor.h">
      <Filter>Header Files</Filter>
    </ClInclude>
    <ClInclude Include="Model\World\Platform.h">
      <Filter>Header Files</Filter>
    </ClInclude>
    <ClInclude Include="Model\World\Podoboo.h">
      <Filter>Header Files</Filter>
    </ClInclude>
    <ClInclude Include="Model\World\PowerBar.h">
      <Filter>Header Files</Filter>
    </ClInclude>
    <ClInclude Include="Model\World\Pusher.h">
      <Filter>Header Files</Filter>
    </ClInclude>
    <ClInclude Include="Model\World\Relay.h">
      <Filter>Header Files</Filter>
    </ClInclude>
    <ClInclude Include="Model\World\Roto.h">
      <Filter>Header Files</Filter>
    </ClInclude>
    <ClInclude Include="Model\World\ScoreEffect.h">
      <Filter>Header Files</Filter>
    </ClInclude>
    <ClInclude Include="Model\World\SemiPlatform.h">
      <Filter>Header Files</Filter>
    </ClInclude>
    <ClInclude Include="Model\World\Slope.h">
      <Filter>Header Files</Filter>
    </ClInclude>
    <ClInclude Include="Model\World\SmallCannon.h">
      <Filter>Header Files</Filter>
    </ClInclude>
    <ClInclude Include="Model\World\SpawnZone.h">
      <Filter>Header Files</Filter>
    </ClInclude>
    <ClInclude Include="Model\World\Starman.h">
      <Filter>Header Files</Filter>
    </ClInclude>
    <ClInclude Include="Model\World\SuperLeaf.h">
      <Filter>Header Files</Filter>
    </ClInclude>
    <ClInclude Include="Model\World\SuperMushroom.h">
      <Filter>Header Files</Filter>
    </ClInclude>
    <ClInclude Include="Model\World\TransportBounceBlock.h">
      <Filter>Header Files</Filter>
    </ClInclude>
    <ClInclude Include="Model\World\TransportDoor.h">
      <Filter>Header Files</Filter>
    </ClInclude>
    <ClInclude Include="Model\World\TransportPipe.h">
      <Filter>Header Files</Filter>
    </ClInclude>
    <ClInclude Include="Model\World\TreasureBox.h">
      <Filter>Header Files</Filter>
    </ClInclude>
    <ClInclude Include="Model\World\Water.h">
      <Filter>Header Files</Filter>
    </ClInclude>
    <ClInclude Include="Model\World\WaterEffect.h">
      <Filter>Header Files</Filter>
    </ClInclude>
    <ClInclude Include="Model\World\World.h">
      <Filter>Header Files</Filter>
    </ClInclude>
    <ClInclude Include="Model\WorldMap\Kactus.h">
      <Filter>Header Files</Filter>
    </ClInclude>
    <ClInclude Include="Model\WorldMap\Panel.h">
      <Filter>Header Files</Filter>
    </ClInclude>
    <ClInclude Include="Model\WorldMap\WorldMap.h">
      <Filter>Header Files</Filter>
    </ClInclude>
    <ClInclude Include="Model\WorldMap\WorldMapMario.h">
      <Filter>Header Files</Filter>
    </ClInclude>
    <ClInclude Include="Model\SuperMarioBros3.h">
      <Filter>Header Files</Filter>
    </ClInclude>
  </ItemGroup>
</Project>