<?xml version="1.0" encoding="utf-8"?>
<Project ToolsVersion="4.0" xmlns="http://schemas.microsoft.com/developer/msbuild/2003">
  <ItemGroup>
    <Filter Include="Source Files">
      <UniqueIdentifier>{4FC737F1-C7A5-4376-A066-2A32D752A2FF}</UniqueIdentifier>
      <Extensions>cpp;c;cc;cxx;c++;cppm;ixx;def;odl;idl;hpj;bat;asm;asmx</Extensions>
    </Filter>
    <Filter Include="Header Files">
      <UniqueIdentifier>{93995380-89BD-4b04-88EB-625FBE52EBFB}</UniqueIdentifier>
      <Extensions>h;hh;hpp;hxx;h++;hm;inl;inc;ipp;xsd</Extensions>
    </Filter>
    <Filter Include="Resource Files">
      <UniqueIdentifier>{67DA6AB6-F800-4c08-8B7A-83BB121AAD01}</UniqueIdentifier>
      <Extensions>rc;ico;cur;bmp;dlg;rc2;rct;bin;rgs;gif;jpg;jpeg;jpe;resx;tiff;tif;png;wav;mfcribbon-ms</Extensions>
    </Filter>
  </ItemGroup>
  <ItemGroup>
    <None Include="packages.config" />
  </ItemGroup>
  <ItemGroup>
    <ClCompile Include="main.cpp">
      <Filter>Source Files</Filter>
    </ClCompile>
    <ClCompile Include="Model\Engine\Animation.cpp">
      <Filter>Source Files</Filter>
    </ClCompile>
    <ClCompile Include="Model\Engine\Collision.cpp">
      <Filter>Source Files</Filter>
    </ClCompile>
    <ClCompile Include="Model\Engine\Sprite.cpp">
      <Filter>Source Files</Filter>
    </ClCompile>
    <ClCompile Include="Model\Engine\Application.cpp">
      <Filter>Source Files</Filter>
    </ClCompile>
    <ClCompile Include="Model\Engine\Audio.cpp">
      <Filter>Source Files</Filter>
    </ClCompile>
    <ClCompile Include="Model\Engine\Debug.cpp">
      <Filter>Source Files</Filter>
    </ClCompile>
    <ClCompile Include="Model\Engine\Graphics.cpp">
      <Filter>Source Files</Filter>
    </ClCompile>
    <ClCompile Include="Model\Engine\Input.cpp">
      <Filter>Source Files</Filter>
    </ClCompile>
    <ClCompile Include="Model\Engine\pugixml.cpp">
      <Filter>Source Files</Filter>
    </ClCompile>
    <ClCompile Include="Model\Engine\Time.cpp">
      <Filter>Source Files</Filter>
    </ClCompile>
    <ClCompile Include="Model\Engine\Game.cpp">
      <Filter>Source Files</Filter>
    </ClCompile>
    <ClCompile Include="Model\Engine\GameObject.cpp">
      <Filter>Source Files</Filter>
    </ClCompile>
    <ClCompile Include="Model\Title.cpp">
      <Filter>Source Files</Filter>
    </ClCompile>
    <ClCompile Include="Model\Background.cpp">
      <Filter>Source Files</Filter>
    </ClCompile>
    <ClCompile Include="Model\Block.cpp">
      <Filter>Source Files</Filter>
    </ClCompile>
    <ClCompile Include="Model\Brick.cpp">
      <Filter>Source Files</Filter>
    </ClCompile>
    <ClCompile Include="Model\BrickFragEffect.cpp">
      <Filter>Source Files</Filter>
    </ClCompile>
    <ClCompile Include="Model\Coin.cpp">
      <Filter>Source Files</Filter>
    </ClCompile>
    <ClCompile Include="Model\DeadZone.cpp">
      <Filter>Source Files</Filter>
    </ClCompile>
    <ClCompile Include="Model\DeathEffect.cpp">
      <Filter>Source Files</Filter>
    </ClCompile>
    <ClCompile Include="Model\ExtraLifeMushroom.cpp">
      <Filter>Source Files</Filter>
    </ClCompile>
    <ClCompile Include="Model\FireFlower.cpp">
      <Filter>Source Files</Filter>
    </ClCompile>
    <ClCompile Include="Model\Goal.cpp">
      <Filter>Source Files</Filter>
    </ClCompile>
    <ClCompile Include="Model\Goomba.cpp">
      <Filter>Source Files</Filter>
    </ClCompile>
    <ClCompile Include="Model\HUD.cpp">
      <Filter>Source Files</Filter>
    </ClCompile>
    <ClCompile Include="Model\Koopa.cpp">
      <Filter>Source Files</Filter>
    </ClCompile>
    <ClCompile Include="Model\KoopaSensor.cpp">
      <Filter>Source Files</Filter>
    </ClCompile>
    <ClCompile Include="Model\MarioFireball.cpp">
      <Filter>Source Files</Filter>
    </ClCompile>
    <ClCompile Include="Model\MarioTail.cpp">
      <Filter>Source Files</Filter>
    </ClCompile>
    <ClCompile Include="Model\GoombaMicro.cpp">
      <Filter>Source Files</Filter>
    </ClCompile>
    <ClCompile Include="Model\Pipe.cpp">
      <Filter>Source Files</Filter>
    </ClCompile>
    <ClCompile Include="Model\Plant.cpp">
      <Filter>Source Files</Filter>
    </ClCompile>
    <ClCompile Include="Model\PlantFireball.cpp">
      <Filter>Source Files</Filter>
    </ClCompile>
    <ClCompile Include="Model\PlantSensor.cpp">
      <Filter>Source Files</Filter>
    </ClCompile>
    <ClCompile Include="Model\Platform.cpp">
      <Filter>Source Files</Filter>
    </ClCompile>
    <ClCompile Include="Model\PowerBar.cpp">
      <Filter>Source Files</Filter>
    </ClCompile>
    <ClCompile Include="Model\Relay.cpp">
      <Filter>Source Files</Filter>
    </ClCompile>
    <ClCompile Include="Model\ScoreEffect.cpp">
      <Filter>Source Files</Filter>
    </ClCompile>
    <ClCompile Include="Model\SpawnZone.cpp">
      <Filter>Source Files</Filter>
    </ClCompile>
    <ClCompile Include="Model\SuperLeaf.cpp">
      <Filter>Source Files</Filter>
    </ClCompile>
    <ClCompile Include="Model\SuperMushroom.cpp">
      <Filter>Source Files</Filter>
    </ClCompile>
    <ClCompile Include="Model\TransportPipe.cpp">
      <Filter>Source Files</Filter>
    </ClCompile>
    <ClCompile Include="Model\World.cpp">
      <Filter>Source Files</Filter>
    </ClCompile>
    <ClCompile Include="Model\Kactus.cpp">
      <Filter>Source Files</Filter>
    </ClCompile>
    <ClCompile Include="Model\Panel.cpp">
      <Filter>Source Files</Filter>
    </ClCompile>
    <ClCompile Include="Model\WorldMap.cpp">
      <Filter>Source Files</Filter>
    </ClCompile>
    <ClCompile Include="Model\WorldMapMario.cpp">
      <Filter>Source Files</Filter>
    </ClCompile>
    <ClCompile Include="Model\SuperMarioBros3.cpp">
      <Filter>Source Files</Filter>
    </ClCompile>
    <ClCompile Include="Model\HitEffect.cpp">
      <Filter>Source Files</Filter>
    </ClCompile>
    <ClCompile Include="Model\Mario.cpp">
      <Filter>Source Files</Filter>
    </ClCompile>
  </ItemGroup>
  <ItemGroup>
    <ClInclude Include="Model\Engine\Animation.h">
      <Filter>Header Files</Filter>
    </ClInclude>
    <ClInclude Include="Model\Engine\Collision.h">
      <Filter>Header Files</Filter>
    </ClInclude>
    <ClInclude Include="Model\Engine\Sprite.h">
      <Filter>Header Files</Filter>
    </ClInclude>
    <ClInclude Include="Model\Engine\Application.h">
      <Filter>Header Files</Filter>
    </ClInclude>
    <ClInclude Include="Model\Engine\Audio.h">
      <Filter>Header Files</Filter>
    </ClInclude>
    <ClInclude Include="Model\Engine\Debug.h">
      <Filter>Header Files</Filter>
    </ClInclude>
    <ClInclude Include="Model\Engine\Graphics.h">
      <Filter>Header Files</Filter>
    </ClInclude>
    <ClInclude Include="Model\Engine\Input.h">
      <Filter>Header Files</Filter>
    </ClInclude>
    <ClInclude Include="Model\Engine\pugiconfig.hpp">
      <Filter>Header Files</Filter>
    </ClInclude>
    <ClInclude Include="Model\Engine\pugixml.hpp">
      <Filter>Header Files</Filter>
    </ClInclude>
    <ClInclude Include="Model\Engine\Time.h">
      <Filter>Header Files</Filter>
    </ClInclude>
    <ClInclude Include="Model\Engine\Game.h">
      <Filter>Header Files</Filter>
    </ClInclude>
    <ClInclude Include="Model\Engine\GameObject.h">
      <Filter>Header Files</Filter>
    </ClInclude>
    <ClInclude Include="Model\Title.h">
      <Filter>Header Files</Filter>
    </ClInclude>
    <ClInclude Include="Model\Background.h">
      <Filter>Header Files</Filter>
    </ClInclude>
    <ClInclude Include="Model\Block.h">
      <Filter>Header Files</Filter>
    </ClInclude>
    <ClInclude Include="Model\Brick.h">
      <Filter>Header Files</Filter>
    </ClInclude>
    <ClInclude Include="Model\BrickFragEffect.h">
      <Filter>Header Files</Filter>
    </ClInclude>
    <ClInclude Include="Model\Coin.h">
      <Filter>Header Files</Filter>
    </ClInclude>
    <ClInclude Include="Model\DeadZone.h">
      <Filter>Header Files</Filter>
    </ClInclude>
    <ClInclude Include="Model\DeathEffect.h">
      <Filter>Header Files</Filter>
    </ClInclude>
    <ClInclude Include="Model\ExtraLifeMushroom.h">
      <Filter>Header Files</Filter>
    </ClInclude>
    <ClInclude Include="Model\FireFlower.h">
      <Filter>Header Files</Filter>
    </ClInclude>
    <ClInclude Include="Model\Goal.h">
      <Filter>Header Files</Filter>
    </ClInclude>
    <ClInclude Include="Model\Goomba.h">
      <Filter>Header Files</Filter>
    </ClInclude>
    <ClInclude Include="Model\HUD.h">
      <Filter>Header Files</Filter>
    </ClInclude>
    <ClInclude Include="Model\Koopa.h">
      <Filter>Header Files</Filter>
    </ClInclude>
    <ClInclude Include="Model\KoopaSensor.h">
      <Filter>Header Files</Filter>
    </ClInclude>
    <ClInclude Include="Model\MarioFireball.h">
      <Filter>Header Files</Filter>
    </ClInclude>
    <ClInclude Include="Model\MarioTail.h">
      <Filter>Header Files</Filter>
    </ClInclude>
    <ClInclude Include="Model\GoombaMicro.h">
      <Filter>Header Files</Filter>
    </ClInclude>
    <ClInclude Include="Model\Pipe.h">
      <Filter>Header Files</Filter>
    </ClInclude>
    <ClInclude Include="Model\Plant.h">
      <Filter>Header Files</Filter>
    </ClInclude>
    <ClInclude Include="Model\PlantFireball.h">
      <Filter>Header Files</Filter>
    </ClInclude>
    <ClInclude Include="Model\PlantSensor.h">
      <Filter>Header Files</Filter>
    </ClInclude>
    <ClInclude Include="Model\Platform.h">
      <Filter>Header Files</Filter>
    </ClInclude>
    <ClInclude Include="Model\PowerBar.h">
      <Filter>Header Files</Filter>
    </ClInclude>
    <ClInclude Include="Model\Relay.h">
      <Filter>Header Files</Filter>
    </ClInclude>
    <ClInclude Include="Model\ScoreEffect.h">
      <Filter>Header Files</Filter>
    </ClInclude>
    <ClInclude Include="Model\SpawnZone.h">
      <Filter>Header Files</Filter>
    </ClInclude>
    <ClInclude Include="Model\SuperLeaf.h">
      <Filter>Header Files</Filter>
    </ClInclude>
    <ClInclude Include="Model\SuperMushroom.h">
      <Filter>Header Files</Filter>
    </ClInclude>
    <ClInclude Include="Model\TransportPipe.h">
      <Filter>Header Files</Filter>
    </ClInclude>
    <ClInclude Include="Model\World.h">
      <Filter>Header Files</Filter>
    </ClInclude>
    <ClInclude Include="Model\Kactus.h">
      <Filter>Header Files</Filter>
    </ClInclude>
    <ClInclude Include="Model\Panel.h">
      <Filter>Header Files</Filter>
    </ClInclude>
    <ClInclude Include="Model\WorldMap.h">
      <Filter>Header Files</Filter>
    </ClInclude>
    <ClInclude Include="Model\WorldMapMario.h">
      <Filter>Header Files</Filter>
    </ClInclude>
    <ClInclude Include="Model\SuperMarioBros3.h">
      <Filter>Header Files</Filter>
    </ClInclude>
    <ClInclude Include="Model\HitEffect.h">
      <Filter>Header Files</Filter>
    </ClInclude>
    <ClInclude Include="Model\Mario.h">
      <Filter>Header Files</Filter>
    </ClInclude>
  </ItemGroup>
  <ItemGroup>
    <Xml Include="Data\GameSave.xml" />
    <Xml Include="Data\GameData.xml" />
  </ItemGroup>
</Project>